
Microsoft Visual Studio Solution File, Format Version 12.00
# Visual Studio Version 17
VisualStudioVersion = 17.11.35327.3
MinimumVisualStudioVersion = 10.0.40219.1
Project("{8BC9CEB8-8B4A-11D0-8D11-00A0C91BC942}") = "Bai001", "Bai001\Bai001.vcxproj", "{8366D0FE-574A-4DE4-B7B6-36C368850F6B}"
EndProject
Project("{8BC9CEB8-8B4A-11D0-8D11-00A0C91BC942}") = "Bai002", "Bai002\Bai002.vcxproj", "{B6106A8F-F0E1-463E-B000-DC2ADB692824}"
EndProject
Project("{8BC9CEB8-8B4A-11D0-8D11-00A0C91BC942}") = "Bai003", "Bai003\Bai003.vcxproj", "{48F2A76E-1107-4AA5-8C1F-0F849EB88EE3}"
EndProject
Project("{8BC9CEB8-8B4A-11D0-8D11-00A0C91BC942}") = "Bai004", "Bai004\Bai004.vcxproj", "{4B18C26C-74F1-4966-BCB8-BE4D408A5F6C}"
EndProject
Project("{8BC9CEB8-8B4A-11D0-8D11-00A0C91BC942}") = "Bai005", "Bai005\Bai005.vcxproj", "{3B12D017-B266-4B23-A294-E526D9AD5B22}"
EndProject
Project("{8BC9CEB8-8B4A-11D0-8D11-00A0C91BC942}") = "Bai006", "Bai006\Bai006.vcxproj", "{2464756C-E8D5-4C08-83FA-AC3B7F3B7A37}"
EndProject
Project("{8BC9CEB8-8B4A-11D0-8D11-00A0C91BC942}") = "Bai008", "Bai008\Bai008.vcxproj", "{B0628EE9-F0F9-401A-8EA7-2637F9CC7F9A}"
EndProject
Project("{8BC9CEB8-8B4A-11D0-8D11-00A0C91BC942}") = "Bai007", "Bai007\Bai007.vcxproj", "{E0B13935-6935-429B-AF47-22036FDB2CE5}"
EndProject
Project("{8BC9CEB8-8B4A-11D0-8D11-00A0C91BC942}") = "Bai009", "Bai009\Bai009.vcxproj", "{E934DBFD-69C9-4555-A3E3-BC0B92134C8D}"
EndProject
Project("{8BC9CEB8-8B4A-11D0-8D11-00A0C91BC942}") = "Bai010", "Bai010\Bai010.vcxproj", "{D15F1AED-F147-4F56-9DA1-058E3AD30395}"
EndProject
Project("{8BC9CEB8-8B4A-11D0-8D11-00A0C91BC942}") = "Bai011", "Bai011\Bai011.vcxproj", "{9ABBAC2D-4A60-4C4E-B9B1-F210156A64B7}"
EndProject
Project("{8BC9CEB8-8B4A-11D0-8D11-00A0C91BC942}") = "Bai012", "Bai012\Bai012.vcxproj", "{0CBE6D6B-37D2-4F87-AD00-DDFB36702928}"
EndProject
Project("{8BC9CEB8-8B4A-11D0-8D11-00A0C91BC942}") = "Bai013", "Bai013\Bai013.vcxproj", "{A2DB6EA6-8813-4A1A-BE7D-8A5DF50C915C}"
EndProject
Project("{8BC9CEB8-8B4A-11D0-8D11-00A0C91BC942}") = "Bai014", "Bai014\Bai014.vcxproj", "{F8BC3036-A163-48E0-85E7-AB8BE3EB11FD}"
EndProject
Project("{8BC9CEB8-8B4A-11D0-8D11-00A0C91BC942}") = "Bai015", "Bai015\Bai015.vcxproj", "{0079625B-0B56-4D8C-BB15-3473133E53A8}"
EndProject
Project("{8BC9CEB8-8B4A-11D0-8D11-00A0C91BC942}") = "Bai016", "Bai016\Bai016.vcxproj", "{F9E08C71-51D5-4BEF-AC60-4FFB79810E91}"
EndProject
Project("{8BC9CEB8-8B4A-11D0-8D11-00A0C91BC942}") = "Bai017", "Bai017\Bai017.vcxproj", "{36FF93E1-7BA7-4C98-A804-9BE5E2E5660D}"
EndProject
Project("{8BC9CEB8-8B4A-11D0-8D11-00A0C91BC942}") = "Bai018", "Bai018\Bai018.vcxproj", "{A8E3EBF9-7768-44A6-96D8-F15BE06BFFD3}"
EndProject
Project("{8BC9CEB8-8B4A-11D0-8D11-00A0C91BC942}") = "Bai019", "Bai019\Bai019.vcxproj", "{9EB0791B-4183-4FA5-B58B-65C4B3E424F7}"
EndProject
Project("{8BC9CEB8-8B4A-11D0-8D11-00A0C91BC942}") = "Bai020", "Bai020\Bai020.vcxproj", "{DE52BC8B-17E7-4435-BC60-01CEC412039B}"
EndProject
Project("{8BC9CEB8-8B4A-11D0-8D11-00A0C91BC942}") = "Bai021", "Bai021\Bai021.vcxproj", "{E1DF93D5-D9B4-4E41-A678-DC5ECDF8B670}"
EndProject
Project("{8BC9CEB8-8B4A-11D0-8D11-00A0C91BC942}") = "Bai022", "Bai022\Bai022.vcxproj", "{904EE906-2B10-4ACB-8AB2-92C6E071D13C}"
EndProject
Project("{8BC9CEB8-8B4A-11D0-8D11-00A0C91BC942}") = "Bai028", "Bai028\Bai028.vcxproj", "{02808639-4BE7-470D-90D8-7A4FC8088681}"
EndProject
Project("{8BC9CEB8-8B4A-11D0-8D11-00A0C91BC942}") = "Bai023", "Bai023\Bai023.vcxproj", "{4EAF2394-92B5-4E0B-81B4-C557A9805148}"
EndProject
Project("{8BC9CEB8-8B4A-11D0-8D11-00A0C91BC942}") = "Bai024", "Bai024\Bai024.vcxproj", "{3F87EEBE-E721-49AB-BFC0-F7F6B4097A7E}"
EndProject
Project("{8BC9CEB8-8B4A-11D0-8D11-00A0C91BC942}") = "Bai029", "Bai029\Bai029.vcxproj", "{29B06ECA-D6AB-410F-856B-E5FFABCF5BA1}"
EndProject
Project("{8BC9CEB8-8B4A-11D0-8D11-00A0C91BC942}") = "Bai031", "Bai031\Bai031.vcxproj", "{1C3DFF10-2C52-4F6E-B784-541035AB07A5}"
EndProject
Project("{8BC9CEB8-8B4A-11D0-8D11-00A0C91BC942}") = "Bai032", "Bai032\Bai032.vcxproj", "{76D0D2C8-6670-43A7-B65B-4AD0EF23BE53}"
EndProject
Project("{8BC9CEB8-8B4A-11D0-8D11-00A0C91BC942}") = "Bai033", "Bai033\Bai033.vcxproj", "{5F97FDC7-D137-4FA7-B973-C1EAF98DBA97}"
EndProject
Project("{8BC9CEB8-8B4A-11D0-8D11-00A0C91BC942}") = "Bai035", "Bai035\Bai035.vcxproj", "{476E0FC2-C4B3-41F8-A4BB-C37113B6F468}"
EndProject
Project("{8BC9CEB8-8B4A-11D0-8D11-00A0C91BC942}") = "Bai036", "Bai036\Bai036.vcxproj", "{26CBB34F-4C9A-4FED-8679-F4854B822F96}"
EndProject
Project("{8BC9CEB8-8B4A-11D0-8D11-00A0C91BC942}") = "Bai037", "Bai037\Bai037.vcxproj", "{26715814-248D-46F3-83F6-8BFC5422B779}"
EndProject
Project("{8BC9CEB8-8B4A-11D0-8D11-00A0C91BC942}") = "Bai038", "Bai038\Bai038.vcxproj", "{F986501D-4D29-4249-BA0D-B28E7EBD1842}"
EndProject
Project("{8BC9CEB8-8B4A-11D0-8D11-00A0C91BC942}") = "Bai039", "Bai039\Bai039.vcxproj", "{202C160D-979E-4E4D-8F84-39116B06ABC7}"
EndProject
Project("{8BC9CEB8-8B4A-11D0-8D11-00A0C91BC942}") = "Bai040", "Bai040\Bai040.vcxproj", "{B25C7824-B580-4B2C-8CC4-191DE151C02E}"
EndProject
Project("{8BC9CEB8-8B4A-11D0-8D11-00A0C91BC942}") = "Bai041", "Bai041\Bai041.vcxproj", "{2AE444D1-C92A-4626-B66E-A59B7BAD5A35}"
EndProject
Project("{8BC9CEB8-8B4A-11D0-8D11-00A0C91BC942}") = "Bai042", "Bai042\Bai042.vcxproj", "{3A58CAB4-BA7A-46CB-A1BE-8EC98A4CF841}"
EndProject
Project("{8BC9CEB8-8B4A-11D0-8D11-00A0C91BC942}") = "Bai043", "Bai043\Bai043.vcxproj", "{CAAC7918-EF93-409A-A139-32810294354D}"
EndProject
Project("{8BC9CEB8-8B4A-11D0-8D11-00A0C91BC942}") = "Bai045", "Bai045\Bai045.vcxproj", "{0E796954-E380-4AE9-AD9F-2D8D5A1AF68D}"
EndProject
Project("{8BC9CEB8-8B4A-11D0-8D11-00A0C91BC942}") = "Bai046", "Bai046\Bai046.vcxproj", "{4D1B6EC1-E9CE-4D17-99D6-E4595995FEF5}"
EndProject
Project("{8BC9CEB8-8B4A-11D0-8D11-00A0C91BC942}") = "Bai048", "Bai048\Bai048.vcxproj", "{CDDCC184-38D7-4AE9-8583-A6D97F46D177}"
EndProject
Project("{8BC9CEB8-8B4A-11D0-8D11-00A0C91BC942}") = "Bai049", "Bai049\Bai049.vcxproj", "{3BE726D2-EC2E-46E4-9060-DA3CEF583BD3}"
EndProject
Project("{8BC9CEB8-8B4A-11D0-8D11-00A0C91BC942}") = "Bai050", "Bai050\Bai050.vcxproj", "{64E35FFF-E481-41AD-A13C-23FB0CADFCF7}"
EndProject
Project("{8BC9CEB8-8B4A-11D0-8D11-00A0C91BC942}") = "Bai052", "Bai052\Bai052.vcxproj", "{B96BAFBB-55F0-4CB1-A8B6-AEDDDDD1A438}"
EndProject
Project("{8BC9CEB8-8B4A-11D0-8D11-00A0C91BC942}") = "Bai030", "Bai030\Bai030.vcxproj", "{4910509B-041E-400F-9B86-398E1B2F043E}"
EndProject
Project("{8BC9CEB8-8B4A-11D0-8D11-00A0C91BC942}") = "Bai034", "Bai034\Bai034.vcxproj", "{80451969-CC83-4E84-9EFD-2C0C45FDD94B}"
EndProject
Project("{8BC9CEB8-8B4A-11D0-8D11-00A0C91BC942}") = "Bai025", "Bai025\Bai025.vcxproj", "{19CCEFBA-DD0F-402D-8CC1-37DF878B001B}"
EndProject
Project("{8BC9CEB8-8B4A-11D0-8D11-00A0C91BC942}") = "Bai026", "Bai026\Bai026.vcxproj", "{CEE0E798-B907-4DE4-946E-2E2D012AF0EF}"
EndProject
Project("{8BC9CEB8-8B4A-11D0-8D11-00A0C91BC942}") = "Bai027", "Bai027\Bai027.vcxproj", "{AD895125-DC1D-4DB2-BEA5-E8F4548B83A2}"
EndProject
Project("{8BC9CEB8-8B4A-11D0-8D11-00A0C91BC942}") = "Bai044", "Bai044\Bai044.vcxproj", "{ACC03DD8-57BE-41B0-889F-B4D91B7807B4}"
EndProject
Project("{8BC9CEB8-8B4A-11D0-8D11-00A0C91BC942}") = "Bai051", "Bai051\Bai051.vcxproj", "{52CF393E-A8A1-408C-B71D-7307536D9447}"
EndProject
Project("{8BC9CEB8-8B4A-11D0-8D11-00A0C91BC942}") = "Bai047", "Bai047\Bai047.vcxproj", "{EC289C7C-3BBD-40A2-A619-1C33503C382D}"
EndProject
Project("{8BC9CEB8-8B4A-11D0-8D11-00A0C91BC942}") = "Bai053", "Bai053\Bai053.vcxproj", "{C8707FB3-F136-4D37-A839-298D6428A2DE}"
EndProject
Project("{8BC9CEB8-8B4A-11D0-8D11-00A0C91BC942}") = "Bai054", "Bai054\Bai054.vcxproj", "{CEC36A79-3482-4E5D-A99F-0E5193DF0458}"
EndProject
Project("{8BC9CEB8-8B4A-11D0-8D11-00A0C91BC942}") = "Bai055", "Bai055\Bai055.vcxproj", "{5B950046-76A9-4171-8B97-8727BC179425}"
EndProject
Project("{8BC9CEB8-8B4A-11D0-8D11-00A0C91BC942}") = "Bai056", "Bai056\Bai056.vcxproj", "{E48431F6-3BD7-4A42-BFFD-0198F9E80029}"
EndProject
Project("{8BC9CEB8-8B4A-11D0-8D11-00A0C91BC942}") = "Bai057", "Bai057\Bai057.vcxproj", "{FCE792C9-8258-4D32-B142-491F0095D280}"
EndProject
Project("{8BC9CEB8-8B4A-11D0-8D11-00A0C91BC942}") = "Bai058", "Bai058\Bai058.vcxproj", "{3893CDB3-D9A5-4E7A-8AD8-ED019BF109EC}"
EndProject
Project("{8BC9CEB8-8B4A-11D0-8D11-00A0C91BC942}") = "Bai059", "Bai059\Bai059.vcxproj", "{81035DC8-52D6-47CA-A5EF-EAE677A80D2B}"
EndProject
Project("{8BC9CEB8-8B4A-11D0-8D11-00A0C91BC942}") = "Bai060", "Bai060\Bai060.vcxproj", "{63F3A053-348D-45F9-BBDF-F1803B90E469}"
EndProject
Project("{8BC9CEB8-8B4A-11D0-8D11-00A0C91BC942}") = "Bai061", "Bai061\Bai061.vcxproj", "{195EBB96-7AEE-4364-8E4D-A2CE05EFE12C}"
EndProject
Project("{8BC9CEB8-8B4A-11D0-8D11-00A0C91BC942}") = "Bai062", "Bai062\Bai062.vcxproj", "{597BCC51-D061-48E7-A76C-53780E4A5813}"
EndProject
Project("{8BC9CEB8-8B4A-11D0-8D11-00A0C91BC942}") = "Bai063", "Bai063\Bai063.vcxproj", "{227968D3-D60E-4F7F-97C2-AF362C6651CE}"
EndProject
Project("{8BC9CEB8-8B4A-11D0-8D11-00A0C91BC942}") = "Bai064", "Bai064\Bai064.vcxproj", "{50A1659F-3851-49A4-9416-AE4F84184D5E}"
EndProject
Project("{8BC9CEB8-8B4A-11D0-8D11-00A0C91BC942}") = "Bai065", "Bai065\Bai065.vcxproj", "{308ADB36-1054-4C32-861C-A1279D92B571}"
EndProject
Project("{8BC9CEB8-8B4A-11D0-8D11-00A0C91BC942}") = "Bai066", "Bai066\Bai066.vcxproj", "{87238266-2172-4714-B385-F9303CC8772C}"
EndProject
Project("{8BC9CEB8-8B4A-11D0-8D11-00A0C91BC942}") = "Bai067", "Bai067\Bai067.vcxproj", "{256CAD77-C044-4497-9C5E-AE2B98171800}"
EndProject
Project("{8BC9CEB8-8B4A-11D0-8D11-00A0C91BC942}") = "Bai068", "Bai068\Bai068.vcxproj", "{F2499EB0-1FAD-4C76-BBD4-B4B1E5AF8DE4}"
EndProject
Project("{8BC9CEB8-8B4A-11D0-8D11-00A0C91BC942}") = "Bai069", "Bai069\Bai069.vcxproj", "{0C986EA8-541A-4C45-8955-D0336BD9C3E1}"
EndProject
Project("{8BC9CEB8-8B4A-11D0-8D11-00A0C91BC942}") = "Bai070", "Bai070\Bai070.vcxproj", "{4E7A4D8B-A787-4D9D-A654-2BAD51CEB476}"
EndProject
Project("{8BC9CEB8-8B4A-11D0-8D11-00A0C91BC942}") = "Bai071", "Bai071\Bai071.vcxproj", "{2EA474FE-75FE-46B3-B8D6-F9E40026BD01}"
EndProject
Project("{8BC9CEB8-8B4A-11D0-8D11-00A0C91BC942}") = "Bai072", "Bai072\Bai072.vcxproj", "{B2FF9C73-648F-4CC2-9C2A-9BC679CD40B3}"
EndProject
Project("{8BC9CEB8-8B4A-11D0-8D11-00A0C91BC942}") = "Bai073", "Bai073\Bai073.vcxproj", "{1FBF7377-9D33-4AB3-B41D-9F0354C33503}"
EndProject
Project("{8BC9CEB8-8B4A-11D0-8D11-00A0C91BC942}") = "Bai074", "Bai074\Bai074.vcxproj", "{F6E9F787-0989-4976-8B91-625D3EEC1DCA}"
EndProject
Project("{8BC9CEB8-8B4A-11D0-8D11-00A0C91BC942}") = "Bai075", "Bai075\Bai075.vcxproj", "{D6BACA2D-FED0-4A6C-8AFB-6BF439458A25}"
EndProject
Project("{8BC9CEB8-8B4A-11D0-8D11-00A0C91BC942}") = "Bai076", "Bai076\Bai076.vcxproj", "{1307A018-07ED-41CF-80BD-3D9C6B523FFB}"
EndProject
Global
	GlobalSection(SolutionConfigurationPlatforms) = preSolution
		Debug|x64 = Debug|x64
		Debug|x86 = Debug|x86
		Release|x64 = Release|x64
		Release|x86 = Release|x86
	EndGlobalSection
	GlobalSection(ProjectConfigurationPlatforms) = postSolution
		{8366D0FE-574A-4DE4-B7B6-36C368850F6B}.Debug|x64.ActiveCfg = Debug|x64
		{8366D0FE-574A-4DE4-B7B6-36C368850F6B}.Debug|x64.Build.0 = Debug|x64
		{8366D0FE-574A-4DE4-B7B6-36C368850F6B}.Debug|x86.ActiveCfg = Debug|Win32
		{8366D0FE-574A-4DE4-B7B6-36C368850F6B}.Debug|x86.Build.0 = Debug|Win32
		{8366D0FE-574A-4DE4-B7B6-36C368850F6B}.Release|x64.ActiveCfg = Release|x64
		{8366D0FE-574A-4DE4-B7B6-36C368850F6B}.Release|x64.Build.0 = Release|x64
		{8366D0FE-574A-4DE4-B7B6-36C368850F6B}.Release|x86.ActiveCfg = Release|Win32
		{8366D0FE-574A-4DE4-B7B6-36C368850F6B}.Release|x86.Build.0 = Release|Win32
		{B6106A8F-F0E1-463E-B000-DC2ADB692824}.Debug|x64.ActiveCfg = Debug|x64
		{B6106A8F-F0E1-463E-B000-DC2ADB692824}.Debug|x64.Build.0 = Debug|x64
		{B6106A8F-F0E1-463E-B000-DC2ADB692824}.Debug|x86.ActiveCfg = Debug|Win32
		{B6106A8F-F0E1-463E-B000-DC2ADB692824}.Debug|x86.Build.0 = Debug|Win32
		{B6106A8F-F0E1-463E-B000-DC2ADB692824}.Release|x64.ActiveCfg = Release|x64
		{B6106A8F-F0E1-463E-B000-DC2ADB692824}.Release|x64.Build.0 = Release|x64
		{B6106A8F-F0E1-463E-B000-DC2ADB692824}.Release|x86.ActiveCfg = Release|Win32
		{B6106A8F-F0E1-463E-B000-DC2ADB692824}.Release|x86.Build.0 = Release|Win32
		{48F2A76E-1107-4AA5-8C1F-0F849EB88EE3}.Debug|x64.ActiveCfg = Debug|x64
		{48F2A76E-1107-4AA5-8C1F-0F849EB88EE3}.Debug|x64.Build.0 = Debug|x64
		{48F2A76E-1107-4AA5-8C1F-0F849EB88EE3}.Debug|x86.ActiveCfg = Debug|Win32
		{48F2A76E-1107-4AA5-8C1F-0F849EB88EE3}.Debug|x86.Build.0 = Debug|Win32
		{48F2A76E-1107-4AA5-8C1F-0F849EB88EE3}.Release|x64.ActiveCfg = Release|x64
		{48F2A76E-1107-4AA5-8C1F-0F849EB88EE3}.Release|x64.Build.0 = Release|x64
		{48F2A76E-1107-4AA5-8C1F-0F849EB88EE3}.Release|x86.ActiveCfg = Release|Win32
		{48F2A76E-1107-4AA5-8C1F-0F849EB88EE3}.Release|x86.Build.0 = Release|Win32
		{4B18C26C-74F1-4966-BCB8-BE4D408A5F6C}.Debug|x64.ActiveCfg = Debug|x64
		{4B18C26C-74F1-4966-BCB8-BE4D408A5F6C}.Debug|x64.Build.0 = Debug|x64
		{4B18C26C-74F1-4966-BCB8-BE4D408A5F6C}.Debug|x86.ActiveCfg = Debug|Win32
		{4B18C26C-74F1-4966-BCB8-BE4D408A5F6C}.Debug|x86.Build.0 = Debug|Win32
		{4B18C26C-74F1-4966-BCB8-BE4D408A5F6C}.Release|x64.ActiveCfg = Release|x64
		{4B18C26C-74F1-4966-BCB8-BE4D408A5F6C}.Release|x64.Build.0 = Release|x64
		{4B18C26C-74F1-4966-BCB8-BE4D408A5F6C}.Release|x86.ActiveCfg = Release|Win32
		{4B18C26C-74F1-4966-BCB8-BE4D408A5F6C}.Release|x86.Build.0 = Release|Win32
		{3B12D017-B266-4B23-A294-E526D9AD5B22}.Debug|x64.ActiveCfg = Debug|x64
		{3B12D017-B266-4B23-A294-E526D9AD5B22}.Debug|x64.Build.0 = Debug|x64
		{3B12D017-B266-4B23-A294-E526D9AD5B22}.Debug|x86.ActiveCfg = Debug|Win32
		{3B12D017-B266-4B23-A294-E526D9AD5B22}.Debug|x86.Build.0 = Debug|Win32
		{3B12D017-B266-4B23-A294-E526D9AD5B22}.Release|x64.ActiveCfg = Release|x64
		{3B12D017-B266-4B23-A294-E526D9AD5B22}.Release|x64.Build.0 = Release|x64
		{3B12D017-B266-4B23-A294-E526D9AD5B22}.Release|x86.ActiveCfg = Release|Win32
		{3B12D017-B266-4B23-A294-E526D9AD5B22}.Release|x86.Build.0 = Release|Win32
		{2464756C-E8D5-4C08-83FA-AC3B7F3B7A37}.Debug|x64.ActiveCfg = Debug|x64
		{2464756C-E8D5-4C08-83FA-AC3B7F3B7A37}.Debug|x64.Build.0 = Debug|x64
		{2464756C-E8D5-4C08-83FA-AC3B7F3B7A37}.Debug|x86.ActiveCfg = Debug|Win32
		{2464756C-E8D5-4C08-83FA-AC3B7F3B7A37}.Debug|x86.Build.0 = Debug|Win32
		{2464756C-E8D5-4C08-83FA-AC3B7F3B7A37}.Release|x64.ActiveCfg = Release|x64
		{2464756C-E8D5-4C08-83FA-AC3B7F3B7A37}.Release|x64.Build.0 = Release|x64
		{2464756C-E8D5-4C08-83FA-AC3B7F3B7A37}.Release|x86.ActiveCfg = Release|Win32
		{2464756C-E8D5-4C08-83FA-AC3B7F3B7A37}.Release|x86.Build.0 = Release|Win32
		{B0628EE9-F0F9-401A-8EA7-2637F9CC7F9A}.Debug|x64.ActiveCfg = Debug|x64
		{B0628EE9-F0F9-401A-8EA7-2637F9CC7F9A}.Debug|x64.Build.0 = Debug|x64
		{B0628EE9-F0F9-401A-8EA7-2637F9CC7F9A}.Debug|x86.ActiveCfg = Debug|Win32
		{B0628EE9-F0F9-401A-8EA7-2637F9CC7F9A}.Debug|x86.Build.0 = Debug|Win32
		{B0628EE9-F0F9-401A-8EA7-2637F9CC7F9A}.Release|x64.ActiveCfg = Release|x64
		{B0628EE9-F0F9-401A-8EA7-2637F9CC7F9A}.Release|x64.Build.0 = Release|x64
		{B0628EE9-F0F9-401A-8EA7-2637F9CC7F9A}.Release|x86.ActiveCfg = Release|Win32
		{B0628EE9-F0F9-401A-8EA7-2637F9CC7F9A}.Release|x86.Build.0 = Release|Win32
		{E0B13935-6935-429B-AF47-22036FDB2CE5}.Debug|x64.ActiveCfg = Debug|x64
		{E0B13935-6935-429B-AF47-22036FDB2CE5}.Debug|x64.Build.0 = Debug|x64
		{E0B13935-6935-429B-AF47-22036FDB2CE5}.Debug|x86.ActiveCfg = Debug|Win32
		{E0B13935-6935-429B-AF47-22036FDB2CE5}.Debug|x86.Build.0 = Debug|Win32
		{E0B13935-6935-429B-AF47-22036FDB2CE5}.Release|x64.ActiveCfg = Release|x64
		{E0B13935-6935-429B-AF47-22036FDB2CE5}.Release|x64.Build.0 = Release|x64
		{E0B13935-6935-429B-AF47-22036FDB2CE5}.Release|x86.ActiveCfg = Release|Win32
		{E0B13935-6935-429B-AF47-22036FDB2CE5}.Release|x86.Build.0 = Release|Win32
		{E934DBFD-69C9-4555-A3E3-BC0B92134C8D}.Debug|x64.ActiveCfg = Debug|x64
		{E934DBFD-69C9-4555-A3E3-BC0B92134C8D}.Debug|x64.Build.0 = Debug|x64
		{E934DBFD-69C9-4555-A3E3-BC0B92134C8D}.Debug|x86.ActiveCfg = Debug|Win32
		{E934DBFD-69C9-4555-A3E3-BC0B92134C8D}.Debug|x86.Build.0 = Debug|Win32
		{E934DBFD-69C9-4555-A3E3-BC0B92134C8D}.Release|x64.ActiveCfg = Release|x64
		{E934DBFD-69C9-4555-A3E3-BC0B92134C8D}.Release|x64.Build.0 = Release|x64
		{E934DBFD-69C9-4555-A3E3-BC0B92134C8D}.Release|x86.ActiveCfg = Release|Win32
		{E934DBFD-69C9-4555-A3E3-BC0B92134C8D}.Release|x86.Build.0 = Release|Win32
		{D15F1AED-F147-4F56-9DA1-058E3AD30395}.Debug|x64.ActiveCfg = Debug|x64
		{D15F1AED-F147-4F56-9DA1-058E3AD30395}.Debug|x64.Build.0 = Debug|x64
		{D15F1AED-F147-4F56-9DA1-058E3AD30395}.Debug|x86.ActiveCfg = Debug|Win32
		{D15F1AED-F147-4F56-9DA1-058E3AD30395}.Debug|x86.Build.0 = Debug|Win32
		{D15F1AED-F147-4F56-9DA1-058E3AD30395}.Release|x64.ActiveCfg = Release|x64
		{D15F1AED-F147-4F56-9DA1-058E3AD30395}.Release|x64.Build.0 = Release|x64
		{D15F1AED-F147-4F56-9DA1-058E3AD30395}.Release|x86.ActiveCfg = Release|Win32
		{D15F1AED-F147-4F56-9DA1-058E3AD30395}.Release|x86.Build.0 = Release|Win32
		{9ABBAC2D-4A60-4C4E-B9B1-F210156A64B7}.Debug|x64.ActiveCfg = Debug|x64
		{9ABBAC2D-4A60-4C4E-B9B1-F210156A64B7}.Debug|x64.Build.0 = Debug|x64
		{9ABBAC2D-4A60-4C4E-B9B1-F210156A64B7}.Debug|x86.ActiveCfg = Debug|Win32
		{9ABBAC2D-4A60-4C4E-B9B1-F210156A64B7}.Debug|x86.Build.0 = Debug|Win32
		{9ABBAC2D-4A60-4C4E-B9B1-F210156A64B7}.Release|x64.ActiveCfg = Release|x64
		{9ABBAC2D-4A60-4C4E-B9B1-F210156A64B7}.Release|x64.Build.0 = Release|x64
		{9ABBAC2D-4A60-4C4E-B9B1-F210156A64B7}.Release|x86.ActiveCfg = Release|Win32
		{9ABBAC2D-4A60-4C4E-B9B1-F210156A64B7}.Release|x86.Build.0 = Release|Win32
		{0CBE6D6B-37D2-4F87-AD00-DDFB36702928}.Debug|x64.ActiveCfg = Debug|x64
		{0CBE6D6B-37D2-4F87-AD00-DDFB36702928}.Debug|x64.Build.0 = Debug|x64
		{0CBE6D6B-37D2-4F87-AD00-DDFB36702928}.Debug|x86.ActiveCfg = Debug|Win32
		{0CBE6D6B-37D2-4F87-AD00-DDFB36702928}.Debug|x86.Build.0 = Debug|Win32
		{0CBE6D6B-37D2-4F87-AD00-DDFB36702928}.Release|x64.ActiveCfg = Release|x64
		{0CBE6D6B-37D2-4F87-AD00-DDFB36702928}.Release|x64.Build.0 = Release|x64
		{0CBE6D6B-37D2-4F87-AD00-DDFB36702928}.Release|x86.ActiveCfg = Release|Win32
		{0CBE6D6B-37D2-4F87-AD00-DDFB36702928}.Release|x86.Build.0 = Release|Win32
		{A2DB6EA6-8813-4A1A-BE7D-8A5DF50C915C}.Debug|x64.ActiveCfg = Debug|x64
		{A2DB6EA6-8813-4A1A-BE7D-8A5DF50C915C}.Debug|x64.Build.0 = Debug|x64
		{A2DB6EA6-8813-4A1A-BE7D-8A5DF50C915C}.Debug|x86.ActiveCfg = Debug|Win32
		{A2DB6EA6-8813-4A1A-BE7D-8A5DF50C915C}.Debug|x86.Build.0 = Debug|Win32
		{A2DB6EA6-8813-4A1A-BE7D-8A5DF50C915C}.Release|x64.ActiveCfg = Release|x64
		{A2DB6EA6-8813-4A1A-BE7D-8A5DF50C915C}.Release|x64.Build.0 = Release|x64
		{A2DB6EA6-8813-4A1A-BE7D-8A5DF50C915C}.Release|x86.ActiveCfg = Release|Win32
		{A2DB6EA6-8813-4A1A-BE7D-8A5DF50C915C}.Release|x86.Build.0 = Release|Win32
		{F8BC3036-A163-48E0-85E7-AB8BE3EB11FD}.Debug|x64.ActiveCfg = Debug|x64
		{F8BC3036-A163-48E0-85E7-AB8BE3EB11FD}.Debug|x64.Build.0 = Debug|x64
		{F8BC3036-A163-48E0-85E7-AB8BE3EB11FD}.Debug|x86.ActiveCfg = Debug|Win32
		{F8BC3036-A163-48E0-85E7-AB8BE3EB11FD}.Debug|x86.Build.0 = Debug|Win32
		{F8BC3036-A163-48E0-85E7-AB8BE3EB11FD}.Release|x64.ActiveCfg = Release|x64
		{F8BC3036-A163-48E0-85E7-AB8BE3EB11FD}.Release|x64.Build.0 = Release|x64
		{F8BC3036-A163-48E0-85E7-AB8BE3EB11FD}.Release|x86.ActiveCfg = Release|Win32
		{F8BC3036-A163-48E0-85E7-AB8BE3EB11FD}.Release|x86.Build.0 = Release|Win32
		{0079625B-0B56-4D8C-BB15-3473133E53A8}.Debug|x64.ActiveCfg = Debug|x64
		{0079625B-0B56-4D8C-BB15-3473133E53A8}.Debug|x64.Build.0 = Debug|x64
		{0079625B-0B56-4D8C-BB15-3473133E53A8}.Debug|x86.ActiveCfg = Debug|Win32
		{0079625B-0B56-4D8C-BB15-3473133E53A8}.Debug|x86.Build.0 = Debug|Win32
		{0079625B-0B56-4D8C-BB15-3473133E53A8}.Release|x64.ActiveCfg = Release|x64
		{0079625B-0B56-4D8C-BB15-3473133E53A8}.Release|x64.Build.0 = Release|x64
		{0079625B-0B56-4D8C-BB15-3473133E53A8}.Release|x86.ActiveCfg = Release|Win32
		{0079625B-0B56-4D8C-BB15-3473133E53A8}.Release|x86.Build.0 = Release|Win32
		{F9E08C71-51D5-4BEF-AC60-4FFB79810E91}.Debug|x64.ActiveCfg = Debug|x64
		{F9E08C71-51D5-4BEF-AC60-4FFB79810E91}.Debug|x64.Build.0 = Debug|x64
		{F9E08C71-51D5-4BEF-AC60-4FFB79810E91}.Debug|x86.ActiveCfg = Debug|Win32
		{F9E08C71-51D5-4BEF-AC60-4FFB79810E91}.Debug|x86.Build.0 = Debug|Win32
		{F9E08C71-51D5-4BEF-AC60-4FFB79810E91}.Release|x64.ActiveCfg = Release|x64
		{F9E08C71-51D5-4BEF-AC60-4FFB79810E91}.Release|x64.Build.0 = Release|x64
		{F9E08C71-51D5-4BEF-AC60-4FFB79810E91}.Release|x86.ActiveCfg = Release|Win32
		{F9E08C71-51D5-4BEF-AC60-4FFB79810E91}.Release|x86.Build.0 = Release|Win32
		{36FF93E1-7BA7-4C98-A804-9BE5E2E5660D}.Debug|x64.ActiveCfg = Debug|x64
		{36FF93E1-7BA7-4C98-A804-9BE5E2E5660D}.Debug|x64.Build.0 = Debug|x64
		{36FF93E1-7BA7-4C98-A804-9BE5E2E5660D}.Debug|x86.ActiveCfg = Debug|Win32
		{36FF93E1-7BA7-4C98-A804-9BE5E2E5660D}.Debug|x86.Build.0 = Debug|Win32
		{36FF93E1-7BA7-4C98-A804-9BE5E2E5660D}.Release|x64.ActiveCfg = Release|x64
		{36FF93E1-7BA7-4C98-A804-9BE5E2E5660D}.Release|x64.Build.0 = Release|x64
		{36FF93E1-7BA7-4C98-A804-9BE5E2E5660D}.Release|x86.ActiveCfg = Release|Win32
		{36FF93E1-7BA7-4C98-A804-9BE5E2E5660D}.Release|x86.Build.0 = Release|Win32
		{A8E3EBF9-7768-44A6-96D8-F15BE06BFFD3}.Debug|x64.ActiveCfg = Debug|x64
		{A8E3EBF9-7768-44A6-96D8-F15BE06BFFD3}.Debug|x64.Build.0 = Debug|x64
		{A8E3EBF9-7768-44A6-96D8-F15BE06BFFD3}.Debug|x86.ActiveCfg = Debug|Win32
		{A8E3EBF9-7768-44A6-96D8-F15BE06BFFD3}.Debug|x86.Build.0 = Debug|Win32
		{A8E3EBF9-7768-44A6-96D8-F15BE06BFFD3}.Release|x64.ActiveCfg = Release|x64
		{A8E3EBF9-7768-44A6-96D8-F15BE06BFFD3}.Release|x64.Build.0 = Release|x64
		{A8E3EBF9-7768-44A6-96D8-F15BE06BFFD3}.Release|x86.ActiveCfg = Release|Win32
		{A8E3EBF9-7768-44A6-96D8-F15BE06BFFD3}.Release|x86.Build.0 = Release|Win32
		{9EB0791B-4183-4FA5-B58B-65C4B3E424F7}.Debug|x64.ActiveCfg = Debug|x64
		{9EB0791B-4183-4FA5-B58B-65C4B3E424F7}.Debug|x64.Build.0 = Debug|x64
		{9EB0791B-4183-4FA5-B58B-65C4B3E424F7}.Debug|x86.ActiveCfg = Debug|Win32
		{9EB0791B-4183-4FA5-B58B-65C4B3E424F7}.Debug|x86.Build.0 = Debug|Win32
		{9EB0791B-4183-4FA5-B58B-65C4B3E424F7}.Release|x64.ActiveCfg = Release|x64
		{9EB0791B-4183-4FA5-B58B-65C4B3E424F7}.Release|x64.Build.0 = Release|x64
		{9EB0791B-4183-4FA5-B58B-65C4B3E424F7}.Release|x86.ActiveCfg = Release|Win32
		{9EB0791B-4183-4FA5-B58B-65C4B3E424F7}.Release|x86.Build.0 = Release|Win32
		{DE52BC8B-17E7-4435-BC60-01CEC412039B}.Debug|x64.ActiveCfg = Debug|x64
		{DE52BC8B-17E7-4435-BC60-01CEC412039B}.Debug|x64.Build.0 = Debug|x64
		{DE52BC8B-17E7-4435-BC60-01CEC412039B}.Debug|x86.ActiveCfg = Debug|Win32
		{DE52BC8B-17E7-4435-BC60-01CEC412039B}.Debug|x86.Build.0 = Debug|Win32
		{DE52BC8B-17E7-4435-BC60-01CEC412039B}.Release|x64.ActiveCfg = Release|x64
		{DE52BC8B-17E7-4435-BC60-01CEC412039B}.Release|x64.Build.0 = Release|x64
		{DE52BC8B-17E7-4435-BC60-01CEC412039B}.Release|x86.ActiveCfg = Release|Win32
		{DE52BC8B-17E7-4435-BC60-01CEC412039B}.Release|x86.Build.0 = Release|Win32
		{E1DF93D5-D9B4-4E41-A678-DC5ECDF8B670}.Debug|x64.ActiveCfg = Debug|x64
		{E1DF93D5-D9B4-4E41-A678-DC5ECDF8B670}.Debug|x64.Build.0 = Debug|x64
		{E1DF93D5-D9B4-4E41-A678-DC5ECDF8B670}.Debug|x86.ActiveCfg = Debug|Win32
		{E1DF93D5-D9B4-4E41-A678-DC5ECDF8B670}.Debug|x86.Build.0 = Debug|Win32
		{E1DF93D5-D9B4-4E41-A678-DC5ECDF8B670}.Release|x64.ActiveCfg = Release|x64
		{E1DF93D5-D9B4-4E41-A678-DC5ECDF8B670}.Release|x64.Build.0 = Release|x64
		{E1DF93D5-D9B4-4E41-A678-DC5ECDF8B670}.Release|x86.ActiveCfg = Release|Win32
		{E1DF93D5-D9B4-4E41-A678-DC5ECDF8B670}.Release|x86.Build.0 = Release|Win32
		{904EE906-2B10-4ACB-8AB2-92C6E071D13C}.Debug|x64.ActiveCfg = Debug|x64
		{904EE906-2B10-4ACB-8AB2-92C6E071D13C}.Debug|x64.Build.0 = Debug|x64
		{904EE906-2B10-4ACB-8AB2-92C6E071D13C}.Debug|x86.ActiveCfg = Debug|Win32
		{904EE906-2B10-4ACB-8AB2-92C6E071D13C}.Debug|x86.Build.0 = Debug|Win32
		{904EE906-2B10-4ACB-8AB2-92C6E071D13C}.Release|x64.ActiveCfg = Release|x64
		{904EE906-2B10-4ACB-8AB2-92C6E071D13C}.Release|x64.Build.0 = Release|x64
		{904EE906-2B10-4ACB-8AB2-92C6E071D13C}.Release|x86.ActiveCfg = Release|Win32
		{904EE906-2B10-4ACB-8AB2-92C6E071D13C}.Release|x86.Build.0 = Release|Win32
		{02808639-4BE7-470D-90D8-7A4FC8088681}.Debug|x64.ActiveCfg = Debug|x64
		{02808639-4BE7-470D-90D8-7A4FC8088681}.Debug|x64.Build.0 = Debug|x64
		{02808639-4BE7-470D-90D8-7A4FC8088681}.Debug|x86.ActiveCfg = Debug|Win32
		{02808639-4BE7-470D-90D8-7A4FC8088681}.Debug|x86.Build.0 = Debug|Win32
		{02808639-4BE7-470D-90D8-7A4FC8088681}.Release|x64.ActiveCfg = Release|x64
		{02808639-4BE7-470D-90D8-7A4FC8088681}.Release|x64.Build.0 = Release|x64
		{02808639-4BE7-470D-90D8-7A4FC8088681}.Release|x86.ActiveCfg = Release|Win32
		{02808639-4BE7-470D-90D8-7A4FC8088681}.Release|x86.Build.0 = Release|Win32
		{4EAF2394-92B5-4E0B-81B4-C557A9805148}.Debug|x64.ActiveCfg = Debug|x64
		{4EAF2394-92B5-4E0B-81B4-C557A9805148}.Debug|x64.Build.0 = Debug|x64
		{4EAF2394-92B5-4E0B-81B4-C557A9805148}.Debug|x86.ActiveCfg = Debug|Win32
		{4EAF2394-92B5-4E0B-81B4-C557A9805148}.Debug|x86.Build.0 = Debug|Win32
		{4EAF2394-92B5-4E0B-81B4-C557A9805148}.Release|x64.ActiveCfg = Release|x64
		{4EAF2394-92B5-4E0B-81B4-C557A9805148}.Release|x64.Build.0 = Release|x64
		{4EAF2394-92B5-4E0B-81B4-C557A9805148}.Release|x86.ActiveCfg = Release|Win32
		{4EAF2394-92B5-4E0B-81B4-C557A9805148}.Release|x86.Build.0 = Release|Win32
		{3F87EEBE-E721-49AB-BFC0-F7F6B4097A7E}.Debug|x64.ActiveCfg = Debug|x64
		{3F87EEBE-E721-49AB-BFC0-F7F6B4097A7E}.Debug|x64.Build.0 = Debug|x64
		{3F87EEBE-E721-49AB-BFC0-F7F6B4097A7E}.Debug|x86.ActiveCfg = Debug|Win32
		{3F87EEBE-E721-49AB-BFC0-F7F6B4097A7E}.Debug|x86.Build.0 = Debug|Win32
		{3F87EEBE-E721-49AB-BFC0-F7F6B4097A7E}.Release|x64.ActiveCfg = Release|x64
		{3F87EEBE-E721-49AB-BFC0-F7F6B4097A7E}.Release|x64.Build.0 = Release|x64
		{3F87EEBE-E721-49AB-BFC0-F7F6B4097A7E}.Release|x86.ActiveCfg = Release|Win32
		{3F87EEBE-E721-49AB-BFC0-F7F6B4097A7E}.Release|x86.Build.0 = Release|Win32
		{29B06ECA-D6AB-410F-856B-E5FFABCF5BA1}.Debug|x64.ActiveCfg = Debug|x64
		{29B06ECA-D6AB-410F-856B-E5FFABCF5BA1}.Debug|x64.Build.0 = Debug|x64
		{29B06ECA-D6AB-410F-856B-E5FFABCF5BA1}.Debug|x86.ActiveCfg = Debug|Win32
		{29B06ECA-D6AB-410F-856B-E5FFABCF5BA1}.Debug|x86.Build.0 = Debug|Win32
		{29B06ECA-D6AB-410F-856B-E5FFABCF5BA1}.Release|x64.ActiveCfg = Release|x64
		{29B06ECA-D6AB-410F-856B-E5FFABCF5BA1}.Release|x64.Build.0 = Release|x64
		{29B06ECA-D6AB-410F-856B-E5FFABCF5BA1}.Release|x86.ActiveCfg = Release|Win32
		{29B06ECA-D6AB-410F-856B-E5FFABCF5BA1}.Release|x86.Build.0 = Release|Win32
		{1C3DFF10-2C52-4F6E-B784-541035AB07A5}.Debug|x64.ActiveCfg = Debug|x64
		{1C3DFF10-2C52-4F6E-B784-541035AB07A5}.Debug|x64.Build.0 = Debug|x64
		{1C3DFF10-2C52-4F6E-B784-541035AB07A5}.Debug|x86.ActiveCfg = Debug|Win32
		{1C3DFF10-2C52-4F6E-B784-541035AB07A5}.Debug|x86.Build.0 = Debug|Win32
		{1C3DFF10-2C52-4F6E-B784-541035AB07A5}.Release|x64.ActiveCfg = Release|x64
		{1C3DFF10-2C52-4F6E-B784-541035AB07A5}.Release|x64.Build.0 = Release|x64
		{1C3DFF10-2C52-4F6E-B784-541035AB07A5}.Release|x86.ActiveCfg = Release|Win32
		{1C3DFF10-2C52-4F6E-B784-541035AB07A5}.Release|x86.Build.0 = Release|Win32
		{76D0D2C8-6670-43A7-B65B-4AD0EF23BE53}.Debug|x64.ActiveCfg = Debug|x64
		{76D0D2C8-6670-43A7-B65B-4AD0EF23BE53}.Debug|x64.Build.0 = Debug|x64
		{76D0D2C8-6670-43A7-B65B-4AD0EF23BE53}.Debug|x86.ActiveCfg = Debug|Win32
		{76D0D2C8-6670-43A7-B65B-4AD0EF23BE53}.Debug|x86.Build.0 = Debug|Win32
		{76D0D2C8-6670-43A7-B65B-4AD0EF23BE53}.Release|x64.ActiveCfg = Release|x64
		{76D0D2C8-6670-43A7-B65B-4AD0EF23BE53}.Release|x64.Build.0 = Release|x64
		{76D0D2C8-6670-43A7-B65B-4AD0EF23BE53}.Release|x86.ActiveCfg = Release|Win32
		{76D0D2C8-6670-43A7-B65B-4AD0EF23BE53}.Release|x86.Build.0 = Release|Win32
		{5F97FDC7-D137-4FA7-B973-C1EAF98DBA97}.Debug|x64.ActiveCfg = Debug|x64
		{5F97FDC7-D137-4FA7-B973-C1EAF98DBA97}.Debug|x64.Build.0 = Debug|x64
		{5F97FDC7-D137-4FA7-B973-C1EAF98DBA97}.Debug|x86.ActiveCfg = Debug|Win32
		{5F97FDC7-D137-4FA7-B973-C1EAF98DBA97}.Debug|x86.Build.0 = Debug|Win32
		{5F97FDC7-D137-4FA7-B973-C1EAF98DBA97}.Release|x64.ActiveCfg = Release|x64
		{5F97FDC7-D137-4FA7-B973-C1EAF98DBA97}.Release|x64.Build.0 = Release|x64
		{5F97FDC7-D137-4FA7-B973-C1EAF98DBA97}.Release|x86.ActiveCfg = Release|Win32
		{5F97FDC7-D137-4FA7-B973-C1EAF98DBA97}.Release|x86.Build.0 = Release|Win32
		{476E0FC2-C4B3-41F8-A4BB-C37113B6F468}.Debug|x64.ActiveCfg = Debug|x64
		{476E0FC2-C4B3-41F8-A4BB-C37113B6F468}.Debug|x64.Build.0 = Debug|x64
		{476E0FC2-C4B3-41F8-A4BB-C37113B6F468}.Debug|x86.ActiveCfg = Debug|Win32
		{476E0FC2-C4B3-41F8-A4BB-C37113B6F468}.Debug|x86.Build.0 = Debug|Win32
		{476E0FC2-C4B3-41F8-A4BB-C37113B6F468}.Release|x64.ActiveCfg = Release|x64
		{476E0FC2-C4B3-41F8-A4BB-C37113B6F468}.Release|x64.Build.0 = Release|x64
		{476E0FC2-C4B3-41F8-A4BB-C37113B6F468}.Release|x86.ActiveCfg = Release|Win32
		{476E0FC2-C4B3-41F8-A4BB-C37113B6F468}.Release|x86.Build.0 = Release|Win32
		{26CBB34F-4C9A-4FED-8679-F4854B822F96}.Debug|x64.ActiveCfg = Debug|x64
		{26CBB34F-4C9A-4FED-8679-F4854B822F96}.Debug|x64.Build.0 = Debug|x64
		{26CBB34F-4C9A-4FED-8679-F4854B822F96}.Debug|x86.ActiveCfg = Debug|Win32
		{26CBB34F-4C9A-4FED-8679-F4854B822F96}.Debug|x86.Build.0 = Debug|Win32
		{26CBB34F-4C9A-4FED-8679-F4854B822F96}.Release|x64.ActiveCfg = Release|x64
		{26CBB34F-4C9A-4FED-8679-F4854B822F96}.Release|x64.Build.0 = Release|x64
		{26CBB34F-4C9A-4FED-8679-F4854B822F96}.Release|x86.ActiveCfg = Release|Win32
		{26CBB34F-4C9A-4FED-8679-F4854B822F96}.Release|x86.Build.0 = Release|Win32
		{26715814-248D-46F3-83F6-8BFC5422B779}.Debug|x64.ActiveCfg = Debug|x64
		{26715814-248D-46F3-83F6-8BFC5422B779}.Debug|x64.Build.0 = Debug|x64
		{26715814-248D-46F3-83F6-8BFC5422B779}.Debug|x86.ActiveCfg = Debug|Win32
		{26715814-248D-46F3-83F6-8BFC5422B779}.Debug|x86.Build.0 = Debug|Win32
		{26715814-248D-46F3-83F6-8BFC5422B779}.Release|x64.ActiveCfg = Release|x64
		{26715814-248D-46F3-83F6-8BFC5422B779}.Release|x64.Build.0 = Release|x64
		{26715814-248D-46F3-83F6-8BFC5422B779}.Release|x86.ActiveCfg = Release|Win32
		{26715814-248D-46F3-83F6-8BFC5422B779}.Release|x86.Build.0 = Release|Win32
		{F986501D-4D29-4249-BA0D-B28E7EBD1842}.Debug|x64.ActiveCfg = Debug|x64
		{F986501D-4D29-4249-BA0D-B28E7EBD1842}.Debug|x64.Build.0 = Debug|x64
		{F986501D-4D29-4249-BA0D-B28E7EBD1842}.Debug|x86.ActiveCfg = Debug|Win32
		{F986501D-4D29-4249-BA0D-B28E7EBD1842}.Debug|x86.Build.0 = Debug|Win32
		{F986501D-4D29-4249-BA0D-B28E7EBD1842}.Release|x64.ActiveCfg = Release|x64
		{F986501D-4D29-4249-BA0D-B28E7EBD1842}.Release|x64.Build.0 = Release|x64
		{F986501D-4D29-4249-BA0D-B28E7EBD1842}.Release|x86.ActiveCfg = Release|Win32
		{F986501D-4D29-4249-BA0D-B28E7EBD1842}.Release|x86.Build.0 = Release|Win32
		{202C160D-979E-4E4D-8F84-39116B06ABC7}.Debug|x64.ActiveCfg = Debug|x64
		{202C160D-979E-4E4D-8F84-39116B06ABC7}.Debug|x64.Build.0 = Debug|x64
		{202C160D-979E-4E4D-8F84-39116B06ABC7}.Debug|x86.ActiveCfg = Debug|Win32
		{202C160D-979E-4E4D-8F84-39116B06ABC7}.Debug|x86.Build.0 = Debug|Win32
		{202C160D-979E-4E4D-8F84-39116B06ABC7}.Release|x64.ActiveCfg = Release|x64
		{202C160D-979E-4E4D-8F84-39116B06ABC7}.Release|x64.Build.0 = Release|x64
		{202C160D-979E-4E4D-8F84-39116B06ABC7}.Release|x86.ActiveCfg = Release|Win32
		{202C160D-979E-4E4D-8F84-39116B06ABC7}.Release|x86.Build.0 = Release|Win32
		{B25C7824-B580-4B2C-8CC4-191DE151C02E}.Debug|x64.ActiveCfg = Debug|x64
		{B25C7824-B580-4B2C-8CC4-191DE151C02E}.Debug|x64.Build.0 = Debug|x64
		{B25C7824-B580-4B2C-8CC4-191DE151C02E}.Debug|x86.ActiveCfg = Debug|Win32
		{B25C7824-B580-4B2C-8CC4-191DE151C02E}.Debug|x86.Build.0 = Debug|Win32
		{B25C7824-B580-4B2C-8CC4-191DE151C02E}.Release|x64.ActiveCfg = Release|x64
		{B25C7824-B580-4B2C-8CC4-191DE151C02E}.Release|x64.Build.0 = Release|x64
		{B25C7824-B580-4B2C-8CC4-191DE151C02E}.Release|x86.ActiveCfg = Release|Win32
		{B25C7824-B580-4B2C-8CC4-191DE151C02E}.Release|x86.Build.0 = Release|Win32
		{2AE444D1-C92A-4626-B66E-A59B7BAD5A35}.Debug|x64.ActiveCfg = Debug|x64
		{2AE444D1-C92A-4626-B66E-A59B7BAD5A35}.Debug|x64.Build.0 = Debug|x64
		{2AE444D1-C92A-4626-B66E-A59B7BAD5A35}.Debug|x86.ActiveCfg = Debug|Win32
		{2AE444D1-C92A-4626-B66E-A59B7BAD5A35}.Debug|x86.Build.0 = Debug|Win32
		{2AE444D1-C92A-4626-B66E-A59B7BAD5A35}.Release|x64.ActiveCfg = Release|x64
		{2AE444D1-C92A-4626-B66E-A59B7BAD5A35}.Release|x64.Build.0 = Release|x64
		{2AE444D1-C92A-4626-B66E-A59B7BAD5A35}.Release|x86.ActiveCfg = Release|Win32
		{2AE444D1-C92A-4626-B66E-A59B7BAD5A35}.Release|x86.Build.0 = Release|Win32
		{3A58CAB4-BA7A-46CB-A1BE-8EC98A4CF841}.Debug|x64.ActiveCfg = Debug|x64
		{3A58CAB4-BA7A-46CB-A1BE-8EC98A4CF841}.Debug|x64.Build.0 = Debug|x64
		{3A58CAB4-BA7A-46CB-A1BE-8EC98A4CF841}.Debug|x86.ActiveCfg = Debug|Win32
		{3A58CAB4-BA7A-46CB-A1BE-8EC98A4CF841}.Debug|x86.Build.0 = Debug|Win32
		{3A58CAB4-BA7A-46CB-A1BE-8EC98A4CF841}.Release|x64.ActiveCfg = Release|x64
		{3A58CAB4-BA7A-46CB-A1BE-8EC98A4CF841}.Release|x64.Build.0 = Release|x64
		{3A58CAB4-BA7A-46CB-A1BE-8EC98A4CF841}.Release|x86.ActiveCfg = Release|Win32
		{3A58CAB4-BA7A-46CB-A1BE-8EC98A4CF841}.Release|x86.Build.0 = Release|Win32
		{CAAC7918-EF93-409A-A139-32810294354D}.Debug|x64.ActiveCfg = Debug|x64
		{CAAC7918-EF93-409A-A139-32810294354D}.Debug|x64.Build.0 = Debug|x64
		{CAAC7918-EF93-409A-A139-32810294354D}.Debug|x86.ActiveCfg = Debug|Win32
		{CAAC7918-EF93-409A-A139-32810294354D}.Debug|x86.Build.0 = Debug|Win32
		{CAAC7918-EF93-409A-A139-32810294354D}.Release|x64.ActiveCfg = Release|x64
		{CAAC7918-EF93-409A-A139-32810294354D}.Release|x64.Build.0 = Release|x64
		{CAAC7918-EF93-409A-A139-32810294354D}.Release|x86.ActiveCfg = Release|Win32
		{CAAC7918-EF93-409A-A139-32810294354D}.Release|x86.Build.0 = Release|Win32
		{0E796954-E380-4AE9-AD9F-2D8D5A1AF68D}.Debug|x64.ActiveCfg = Debug|x64
		{0E796954-E380-4AE9-AD9F-2D8D5A1AF68D}.Debug|x64.Build.0 = Debug|x64
		{0E796954-E380-4AE9-AD9F-2D8D5A1AF68D}.Debug|x86.ActiveCfg = Debug|Win32
		{0E796954-E380-4AE9-AD9F-2D8D5A1AF68D}.Debug|x86.Build.0 = Debug|Win32
		{0E796954-E380-4AE9-AD9F-2D8D5A1AF68D}.Release|x64.ActiveCfg = Release|x64
		{0E796954-E380-4AE9-AD9F-2D8D5A1AF68D}.Release|x64.Build.0 = Release|x64
		{0E796954-E380-4AE9-AD9F-2D8D5A1AF68D}.Release|x86.ActiveCfg = Release|Win32
		{0E796954-E380-4AE9-AD9F-2D8D5A1AF68D}.Release|x86.Build.0 = Release|Win32
		{4D1B6EC1-E9CE-4D17-99D6-E4595995FEF5}.Debug|x64.ActiveCfg = Debug|x64
		{4D1B6EC1-E9CE-4D17-99D6-E4595995FEF5}.Debug|x64.Build.0 = Debug|x64
		{4D1B6EC1-E9CE-4D17-99D6-E4595995FEF5}.Debug|x86.ActiveCfg = Debug|Win32
		{4D1B6EC1-E9CE-4D17-99D6-E4595995FEF5}.Debug|x86.Build.0 = Debug|Win32
		{4D1B6EC1-E9CE-4D17-99D6-E4595995FEF5}.Release|x64.ActiveCfg = Release|x64
		{4D1B6EC1-E9CE-4D17-99D6-E4595995FEF5}.Release|x64.Build.0 = Release|x64
		{4D1B6EC1-E9CE-4D17-99D6-E4595995FEF5}.Release|x86.ActiveCfg = Release|Win32
		{4D1B6EC1-E9CE-4D17-99D6-E4595995FEF5}.Release|x86.Build.0 = Release|Win32
		{CDDCC184-38D7-4AE9-8583-A6D97F46D177}.Debug|x64.ActiveCfg = Debug|x64
		{CDDCC184-38D7-4AE9-8583-A6D97F46D177}.Debug|x64.Build.0 = Debug|x64
		{CDDCC184-38D7-4AE9-8583-A6D97F46D177}.Debug|x86.ActiveCfg = Debug|Win32
		{CDDCC184-38D7-4AE9-8583-A6D97F46D177}.Debug|x86.Build.0 = Debug|Win32
		{CDDCC184-38D7-4AE9-8583-A6D97F46D177}.Release|x64.ActiveCfg = Release|x64
		{CDDCC184-38D7-4AE9-8583-A6D97F46D177}.Release|x64.Build.0 = Release|x64
		{CDDCC184-38D7-4AE9-8583-A6D97F46D177}.Release|x86.ActiveCfg = Release|Win32
		{CDDCC184-38D7-4AE9-8583-A6D97F46D177}.Release|x86.Build.0 = Release|Win32
		{3BE726D2-EC2E-46E4-9060-DA3CEF583BD3}.Debug|x64.ActiveCfg = Debug|x64
		{3BE726D2-EC2E-46E4-9060-DA3CEF583BD3}.Debug|x64.Build.0 = Debug|x64
		{3BE726D2-EC2E-46E4-9060-DA3CEF583BD3}.Debug|x86.ActiveCfg = Debug|Win32
		{3BE726D2-EC2E-46E4-9060-DA3CEF583BD3}.Debug|x86.Build.0 = Debug|Win32
		{3BE726D2-EC2E-46E4-9060-DA3CEF583BD3}.Release|x64.ActiveCfg = Release|x64
		{3BE726D2-EC2E-46E4-9060-DA3CEF583BD3}.Release|x64.Build.0 = Release|x64
		{3BE726D2-EC2E-46E4-9060-DA3CEF583BD3}.Release|x86.ActiveCfg = Release|Win32
		{3BE726D2-EC2E-46E4-9060-DA3CEF583BD3}.Release|x86.Build.0 = Release|Win32
		{64E35FFF-E481-41AD-A13C-23FB0CADFCF7}.Debug|x64.ActiveCfg = Debug|x64
		{64E35FFF-E481-41AD-A13C-23FB0CADFCF7}.Debug|x64.Build.0 = Debug|x64
		{64E35FFF-E481-41AD-A13C-23FB0CADFCF7}.Debug|x86.ActiveCfg = Debug|Win32
		{64E35FFF-E481-41AD-A13C-23FB0CADFCF7}.Debug|x86.Build.0 = Debug|Win32
		{64E35FFF-E481-41AD-A13C-23FB0CADFCF7}.Release|x64.ActiveCfg = Release|x64
		{64E35FFF-E481-41AD-A13C-23FB0CADFCF7}.Release|x64.Build.0 = Release|x64
		{64E35FFF-E481-41AD-A13C-23FB0CADFCF7}.Release|x86.ActiveCfg = Release|Win32
		{64E35FFF-E481-41AD-A13C-23FB0CADFCF7}.Release|x86.Build.0 = Release|Win32
		{B96BAFBB-55F0-4CB1-A8B6-AEDDDDD1A438}.Debug|x64.ActiveCfg = Debug|x64
		{B96BAFBB-55F0-4CB1-A8B6-AEDDDDD1A438}.Debug|x64.Build.0 = Debug|x64
		{B96BAFBB-55F0-4CB1-A8B6-AEDDDDD1A438}.Debug|x86.ActiveCfg = Debug|Win32
		{B96BAFBB-55F0-4CB1-A8B6-AEDDDDD1A438}.Debug|x86.Build.0 = Debug|Win32
		{B96BAFBB-55F0-4CB1-A8B6-AEDDDDD1A438}.Release|x64.ActiveCfg = Release|x64
		{B96BAFBB-55F0-4CB1-A8B6-AEDDDDD1A438}.Release|x64.Build.0 = Release|x64
		{B96BAFBB-55F0-4CB1-A8B6-AEDDDDD1A438}.Release|x86.ActiveCfg = Release|Win32
		{B96BAFBB-55F0-4CB1-A8B6-AEDDDDD1A438}.Release|x86.Build.0 = Release|Win32
		{4910509B-041E-400F-9B86-398E1B2F043E}.Debug|x64.ActiveCfg = Debug|x64
		{4910509B-041E-400F-9B86-398E1B2F043E}.Debug|x64.Build.0 = Debug|x64
		{4910509B-041E-400F-9B86-398E1B2F043E}.Debug|x86.ActiveCfg = Debug|Win32
		{4910509B-041E-400F-9B86-398E1B2F043E}.Debug|x86.Build.0 = Debug|Win32
		{4910509B-041E-400F-9B86-398E1B2F043E}.Release|x64.ActiveCfg = Release|x64
		{4910509B-041E-400F-9B86-398E1B2F043E}.Release|x64.Build.0 = Release|x64
		{4910509B-041E-400F-9B86-398E1B2F043E}.Release|x86.ActiveCfg = Release|Win32
		{4910509B-041E-400F-9B86-398E1B2F043E}.Release|x86.Build.0 = Release|Win32
		{80451969-CC83-4E84-9EFD-2C0C45FDD94B}.Debug|x64.ActiveCfg = Debug|x64
		{80451969-CC83-4E84-9EFD-2C0C45FDD94B}.Debug|x64.Build.0 = Debug|x64
		{80451969-CC83-4E84-9EFD-2C0C45FDD94B}.Debug|x86.ActiveCfg = Debug|Win32
		{80451969-CC83-4E84-9EFD-2C0C45FDD94B}.Debug|x86.Build.0 = Debug|Win32
		{80451969-CC83-4E84-9EFD-2C0C45FDD94B}.Release|x64.ActiveCfg = Release|x64
		{80451969-CC83-4E84-9EFD-2C0C45FDD94B}.Release|x64.Build.0 = Release|x64
		{80451969-CC83-4E84-9EFD-2C0C45FDD94B}.Release|x86.ActiveCfg = Release|Win32
		{80451969-CC83-4E84-9EFD-2C0C45FDD94B}.Release|x86.Build.0 = Release|Win32
		{19CCEFBA-DD0F-402D-8CC1-37DF878B001B}.Debug|x64.ActiveCfg = Debug|x64
		{19CCEFBA-DD0F-402D-8CC1-37DF878B001B}.Debug|x64.Build.0 = Debug|x64
		{19CCEFBA-DD0F-402D-8CC1-37DF878B001B}.Debug|x86.ActiveCfg = Debug|Win32
		{19CCEFBA-DD0F-402D-8CC1-37DF878B001B}.Debug|x86.Build.0 = Debug|Win32
		{19CCEFBA-DD0F-402D-8CC1-37DF878B001B}.Release|x64.ActiveCfg = Release|x64
		{19CCEFBA-DD0F-402D-8CC1-37DF878B001B}.Release|x64.Build.0 = Release|x64
		{19CCEFBA-DD0F-402D-8CC1-37DF878B001B}.Release|x86.ActiveCfg = Release|Win32
		{19CCEFBA-DD0F-402D-8CC1-37DF878B001B}.Release|x86.Build.0 = Release|Win32
		{CEE0E798-B907-4DE4-946E-2E2D012AF0EF}.Debug|x64.ActiveCfg = Debug|x64
		{CEE0E798-B907-4DE4-946E-2E2D012AF0EF}.Debug|x64.Build.0 = Debug|x64
		{CEE0E798-B907-4DE4-946E-2E2D012AF0EF}.Debug|x86.ActiveCfg = Debug|Win32
		{CEE0E798-B907-4DE4-946E-2E2D012AF0EF}.Debug|x86.Build.0 = Debug|Win32
		{CEE0E798-B907-4DE4-946E-2E2D012AF0EF}.Release|x64.ActiveCfg = Release|x64
		{CEE0E798-B907-4DE4-946E-2E2D012AF0EF}.Release|x64.Build.0 = Release|x64
		{CEE0E798-B907-4DE4-946E-2E2D012AF0EF}.Release|x86.ActiveCfg = Release|Win32
		{CEE0E798-B907-4DE4-946E-2E2D012AF0EF}.Release|x86.Build.0 = Release|Win32
		{AD895125-DC1D-4DB2-BEA5-E8F4548B83A2}.Debug|x64.ActiveCfg = Debug|x64
		{AD895125-DC1D-4DB2-BEA5-E8F4548B83A2}.Debug|x64.Build.0 = Debug|x64
		{AD895125-DC1D-4DB2-BEA5-E8F4548B83A2}.Debug|x86.ActiveCfg = Debug|Win32
		{AD895125-DC1D-4DB2-BEA5-E8F4548B83A2}.Debug|x86.Build.0 = Debug|Win32
		{AD895125-DC1D-4DB2-BEA5-E8F4548B83A2}.Release|x64.ActiveCfg = Release|x64
		{AD895125-DC1D-4DB2-BEA5-E8F4548B83A2}.Release|x64.Build.0 = Release|x64
		{AD895125-DC1D-4DB2-BEA5-E8F4548B83A2}.Release|x86.ActiveCfg = Release|Win32
		{AD895125-DC1D-4DB2-BEA5-E8F4548B83A2}.Release|x86.Build.0 = Release|Win32
		{ACC03DD8-57BE-41B0-889F-B4D91B7807B4}.Debug|x64.ActiveCfg = Debug|x64
		{ACC03DD8-57BE-41B0-889F-B4D91B7807B4}.Debug|x64.Build.0 = Debug|x64
		{ACC03DD8-57BE-41B0-889F-B4D91B7807B4}.Debug|x86.ActiveCfg = Debug|Win32
		{ACC03DD8-57BE-41B0-889F-B4D91B7807B4}.Debug|x86.Build.0 = Debug|Win32
		{ACC03DD8-57BE-41B0-889F-B4D91B7807B4}.Release|x64.ActiveCfg = Release|x64
		{ACC03DD8-57BE-41B0-889F-B4D91B7807B4}.Release|x64.Build.0 = Release|x64
		{ACC03DD8-57BE-41B0-889F-B4D91B7807B4}.Release|x86.ActiveCfg = Release|Win32
		{ACC03DD8-57BE-41B0-889F-B4D91B7807B4}.Release|x86.Build.0 = Release|Win32
		{52CF393E-A8A1-408C-B71D-7307536D9447}.Debug|x64.ActiveCfg = Debug|x64
		{52CF393E-A8A1-408C-B71D-7307536D9447}.Debug|x64.Build.0 = Debug|x64
		{52CF393E-A8A1-408C-B71D-7307536D9447}.Debug|x86.ActiveCfg = Debug|Win32
		{52CF393E-A8A1-408C-B71D-7307536D9447}.Debug|x86.Build.0 = Debug|Win32
		{52CF393E-A8A1-408C-B71D-7307536D9447}.Release|x64.ActiveCfg = Release|x64
		{52CF393E-A8A1-408C-B71D-7307536D9447}.Release|x64.Build.0 = Release|x64
		{52CF393E-A8A1-408C-B71D-7307536D9447}.Release|x86.ActiveCfg = Release|Win32
		{52CF393E-A8A1-408C-B71D-7307536D9447}.Release|x86.Build.0 = Release|Win32
		{EC289C7C-3BBD-40A2-A619-1C33503C382D}.Debug|x64.ActiveCfg = Debug|x64
		{EC289C7C-3BBD-40A2-A619-1C33503C382D}.Debug|x64.Build.0 = Debug|x64
		{EC289C7C-3BBD-40A2-A619-1C33503C382D}.Debug|x86.ActiveCfg = Debug|Win32
		{EC289C7C-3BBD-40A2-A619-1C33503C382D}.Debug|x86.Build.0 = Debug|Win32
		{EC289C7C-3BBD-40A2-A619-1C33503C382D}.Release|x64.ActiveCfg = Release|x64
		{EC289C7C-3BBD-40A2-A619-1C33503C382D}.Release|x64.Build.0 = Release|x64
		{EC289C7C-3BBD-40A2-A619-1C33503C382D}.Release|x86.ActiveCfg = Release|Win32
		{EC289C7C-3BBD-40A2-A619-1C33503C382D}.Release|x86.Build.0 = Release|Win32
		{C8707FB3-F136-4D37-A839-298D6428A2DE}.Debug|x64.ActiveCfg = Debug|x64
		{C8707FB3-F136-4D37-A839-298D6428A2DE}.Debug|x64.Build.0 = Debug|x64
		{C8707FB3-F136-4D37-A839-298D6428A2DE}.Debug|x86.ActiveCfg = Debug|Win32
		{C8707FB3-F136-4D37-A839-298D6428A2DE}.Debug|x86.Build.0 = Debug|Win32
		{C8707FB3-F136-4D37-A839-298D6428A2DE}.Release|x64.ActiveCfg = Release|x64
		{C8707FB3-F136-4D37-A839-298D6428A2DE}.Release|x64.Build.0 = Release|x64
		{C8707FB3-F136-4D37-A839-298D6428A2DE}.Release|x86.ActiveCfg = Release|Win32
		{C8707FB3-F136-4D37-A839-298D6428A2DE}.Release|x86.Build.0 = Release|Win32
		{CEC36A79-3482-4E5D-A99F-0E5193DF0458}.Debug|x64.ActiveCfg = Debug|x64
		{CEC36A79-3482-4E5D-A99F-0E5193DF0458}.Debug|x64.Build.0 = Debug|x64
		{CEC36A79-3482-4E5D-A99F-0E5193DF0458}.Debug|x86.ActiveCfg = Debug|Win32
		{CEC36A79-3482-4E5D-A99F-0E5193DF0458}.Debug|x86.Build.0 = Debug|Win32
		{CEC36A79-3482-4E5D-A99F-0E5193DF0458}.Release|x64.ActiveCfg = Release|x64
		{CEC36A79-3482-4E5D-A99F-0E5193DF0458}.Release|x64.Build.0 = Release|x64
		{CEC36A79-3482-4E5D-A99F-0E5193DF0458}.Release|x86.ActiveCfg = Release|Win32
		{CEC36A79-3482-4E5D-A99F-0E5193DF0458}.Release|x86.Build.0 = Release|Win32
		{5B950046-76A9-4171-8B97-8727BC179425}.Debug|x64.ActiveCfg = Debug|x64
		{5B950046-76A9-4171-8B97-8727BC179425}.Debug|x64.Build.0 = Debug|x64
		{5B950046-76A9-4171-8B97-8727BC179425}.Debug|x86.ActiveCfg = Debug|Win32
		{5B950046-76A9-4171-8B97-8727BC179425}.Debug|x86.Build.0 = Debug|Win32
		{5B950046-76A9-4171-8B97-8727BC179425}.Release|x64.ActiveCfg = Release|x64
		{5B950046-76A9-4171-8B97-8727BC179425}.Release|x64.Build.0 = Release|x64
		{5B950046-76A9-4171-8B97-8727BC179425}.Release|x86.ActiveCfg = Release|Win32
		{5B950046-76A9-4171-8B97-8727BC179425}.Release|x86.Build.0 = Release|Win32
		{E48431F6-3BD7-4A42-BFFD-0198F9E80029}.Debug|x64.ActiveCfg = Debug|x64
		{E48431F6-3BD7-4A42-BFFD-0198F9E80029}.Debug|x64.Build.0 = Debug|x64
		{E48431F6-3BD7-4A42-BFFD-0198F9E80029}.Debug|x86.ActiveCfg = Debug|Win32
		{E48431F6-3BD7-4A42-BFFD-0198F9E80029}.Debug|x86.Build.0 = Debug|Win32
		{E48431F6-3BD7-4A42-BFFD-0198F9E80029}.Release|x64.ActiveCfg = Release|x64
		{E48431F6-3BD7-4A42-BFFD-0198F9E80029}.Release|x64.Build.0 = Release|x64
		{E48431F6-3BD7-4A42-BFFD-0198F9E80029}.Release|x86.ActiveCfg = Release|Win32
		{E48431F6-3BD7-4A42-BFFD-0198F9E80029}.Release|x86.Build.0 = Release|Win32
		{FCE792C9-8258-4D32-B142-491F0095D280}.Debug|x64.ActiveCfg = Debug|x64
		{FCE792C9-8258-4D32-B142-491F0095D280}.Debug|x64.Build.0 = Debug|x64
		{FCE792C9-8258-4D32-B142-491F0095D280}.Debug|x86.ActiveCfg = Debug|Win32
		{FCE792C9-8258-4D32-B142-491F0095D280}.Debug|x86.Build.0 = Debug|Win32
		{FCE792C9-8258-4D32-B142-491F0095D280}.Release|x64.ActiveCfg = Release|x64
		{FCE792C9-8258-4D32-B142-491F0095D280}.Release|x64.Build.0 = Release|x64
		{FCE792C9-8258-4D32-B142-491F0095D280}.Release|x86.ActiveCfg = Release|Win32
		{FCE792C9-8258-4D32-B142-491F0095D280}.Release|x86.Build.0 = Release|Win32
		{3893CDB3-D9A5-4E7A-8AD8-ED019BF109EC}.Debug|x64.ActiveCfg = Debug|x64
		{3893CDB3-D9A5-4E7A-8AD8-ED019BF109EC}.Debug|x64.Build.0 = Debug|x64
		{3893CDB3-D9A5-4E7A-8AD8-ED019BF109EC}.Debug|x86.ActiveCfg = Debug|Win32
		{3893CDB3-D9A5-4E7A-8AD8-ED019BF109EC}.Debug|x86.Build.0 = Debug|Win32
		{3893CDB3-D9A5-4E7A-8AD8-ED019BF109EC}.Release|x64.ActiveCfg = Release|x64
		{3893CDB3-D9A5-4E7A-8AD8-ED019BF109EC}.Release|x64.Build.0 = Release|x64
		{3893CDB3-D9A5-4E7A-8AD8-ED019BF109EC}.Release|x86.ActiveCfg = Release|Win32
		{3893CDB3-D9A5-4E7A-8AD8-ED019BF109EC}.Release|x86.Build.0 = Release|Win32
		{81035DC8-52D6-47CA-A5EF-EAE677A80D2B}.Debug|x64.ActiveCfg = Debug|x64
		{81035DC8-52D6-47CA-A5EF-EAE677A80D2B}.Debug|x64.Build.0 = Debug|x64
		{81035DC8-52D6-47CA-A5EF-EAE677A80D2B}.Debug|x86.ActiveCfg = Debug|Win32
		{81035DC8-52D6-47CA-A5EF-EAE677A80D2B}.Debug|x86.Build.0 = Debug|Win32
		{81035DC8-52D6-47CA-A5EF-EAE677A80D2B}.Release|x64.ActiveCfg = Release|x64
		{81035DC8-52D6-47CA-A5EF-EAE677A80D2B}.Release|x64.Build.0 = Release|x64
		{81035DC8-52D6-47CA-A5EF-EAE677A80D2B}.Release|x86.ActiveCfg = Release|Win32
		{81035DC8-52D6-47CA-A5EF-EAE677A80D2B}.Release|x86.Build.0 = Release|Win32
		{63F3A053-348D-45F9-BBDF-F1803B90E469}.Debug|x64.ActiveCfg = Debug|x64
		{63F3A053-348D-45F9-BBDF-F1803B90E469}.Debug|x64.Build.0 = Debug|x64
		{63F3A053-348D-45F9-BBDF-F1803B90E469}.Debug|x86.ActiveCfg = Debug|Win32
		{63F3A053-348D-45F9-BBDF-F1803B90E469}.Debug|x86.Build.0 = Debug|Win32
		{63F3A053-348D-45F9-BBDF-F1803B90E469}.Release|x64.ActiveCfg = Release|x64
		{63F3A053-348D-45F9-BBDF-F1803B90E469}.Release|x64.Build.0 = Release|x64
		{63F3A053-348D-45F9-BBDF-F1803B90E469}.Release|x86.ActiveCfg = Release|Win32
		{63F3A053-348D-45F9-BBDF-F1803B90E469}.Release|x86.Build.0 = Release|Win32
		{195EBB96-7AEE-4364-8E4D-A2CE05EFE12C}.Debug|x64.ActiveCfg = Debug|x64
		{195EBB96-7AEE-4364-8E4D-A2CE05EFE12C}.Debug|x64.Build.0 = Debug|x64
		{195EBB96-7AEE-4364-8E4D-A2CE05EFE12C}.Debug|x86.ActiveCfg = Debug|Win32
		{195EBB96-7AEE-4364-8E4D-A2CE05EFE12C}.Debug|x86.Build.0 = Debug|Win32
		{195EBB96-7AEE-4364-8E4D-A2CE05EFE12C}.Release|x64.ActiveCfg = Release|x64
		{195EBB96-7AEE-4364-8E4D-A2CE05EFE12C}.Release|x64.Build.0 = Release|x64
		{195EBB96-7AEE-4364-8E4D-A2CE05EFE12C}.Release|x86.ActiveCfg = Release|Win32
		{195EBB96-7AEE-4364-8E4D-A2CE05EFE12C}.Release|x86.Build.0 = Release|Win32
		{597BCC51-D061-48E7-A76C-53780E4A5813}.Debug|x64.ActiveCfg = Debug|x64
		{597BCC51-D061-48E7-A76C-53780E4A5813}.Debug|x64.Build.0 = Debug|x64
		{597BCC51-D061-48E7-A76C-53780E4A5813}.Debug|x86.ActiveCfg = Debug|Win32
		{597BCC51-D061-48E7-A76C-53780E4A5813}.Debug|x86.Build.0 = Debug|Win32
		{597BCC51-D061-48E7-A76C-53780E4A5813}.Release|x64.ActiveCfg = Release|x64
		{597BCC51-D061-48E7-A76C-53780E4A5813}.Release|x64.Build.0 = Release|x64
		{597BCC51-D061-48E7-A76C-53780E4A5813}.Release|x86.ActiveCfg = Release|Win32
		{597BCC51-D061-48E7-A76C-53780E4A5813}.Release|x86.Build.0 = Release|Win32
		{227968D3-D60E-4F7F-97C2-AF362C6651CE}.Debug|x64.ActiveCfg = Debug|x64
		{227968D3-D60E-4F7F-97C2-AF362C6651CE}.Debug|x64.Build.0 = Debug|x64
		{227968D3-D60E-4F7F-97C2-AF362C6651CE}.Debug|x86.ActiveCfg = Debug|Win32
		{227968D3-D60E-4F7F-97C2-AF362C6651CE}.Debug|x86.Build.0 = Debug|Win32
		{227968D3-D60E-4F7F-97C2-AF362C6651CE}.Release|x64.ActiveCfg = Release|x64
		{227968D3-D60E-4F7F-97C2-AF362C6651CE}.Release|x64.Build.0 = Release|x64
		{227968D3-D60E-4F7F-97C2-AF362C6651CE}.Release|x86.ActiveCfg = Release|Win32
		{227968D3-D60E-4F7F-97C2-AF362C6651CE}.Release|x86.Build.0 = Release|Win32
		{50A1659F-3851-49A4-9416-AE4F84184D5E}.Debug|x64.ActiveCfg = Debug|x64
		{50A1659F-3851-49A4-9416-AE4F84184D5E}.Debug|x64.Build.0 = Debug|x64
		{50A1659F-3851-49A4-9416-AE4F84184D5E}.Debug|x86.ActiveCfg = Debug|Win32
		{50A1659F-3851-49A4-9416-AE4F84184D5E}.Debug|x86.Build.0 = Debug|Win32
		{50A1659F-3851-49A4-9416-AE4F84184D5E}.Release|x64.ActiveCfg = Release|x64
		{50A1659F-3851-49A4-9416-AE4F84184D5E}.Release|x64.Build.0 = Release|x64
		{50A1659F-3851-49A4-9416-AE4F84184D5E}.Release|x86.ActiveCfg = Release|Win32
		{50A1659F-3851-49A4-9416-AE4F84184D5E}.Release|x86.Build.0 = Release|Win32
		{308ADB36-1054-4C32-861C-A1279D92B571}.Debug|x64.ActiveCfg = Debug|x64
		{308ADB36-1054-4C32-861C-A1279D92B571}.Debug|x64.Build.0 = Debug|x64
		{308ADB36-1054-4C32-861C-A1279D92B571}.Debug|x86.ActiveCfg = Debug|Win32
		{308ADB36-1054-4C32-861C-A1279D92B571}.Debug|x86.Build.0 = Debug|Win32
		{308ADB36-1054-4C32-861C-A1279D92B571}.Release|x64.ActiveCfg = Release|x64
		{308ADB36-1054-4C32-861C-A1279D92B571}.Release|x64.Build.0 = Release|x64
		{308ADB36-1054-4C32-861C-A1279D92B571}.Release|x86.ActiveCfg = Release|Win32
		{308ADB36-1054-4C32-861C-A1279D92B571}.Release|x86.Build.0 = Release|Win32
		{87238266-2172-4714-B385-F9303CC8772C}.Debug|x64.ActiveCfg = Debug|x64
		{87238266-2172-4714-B385-F9303CC8772C}.Debug|x64.Build.0 = Debug|x64
		{87238266-2172-4714-B385-F9303CC8772C}.Debug|x86.ActiveCfg = Debug|Win32
		{87238266-2172-4714-B385-F9303CC8772C}.Debug|x86.Build.0 = Debug|Win32
		{87238266-2172-4714-B385-F9303CC8772C}.Release|x64.ActiveCfg = Release|x64
		{87238266-2172-4714-B385-F9303CC8772C}.Release|x64.Build.0 = Release|x64
		{87238266-2172-4714-B385-F9303CC8772C}.Release|x86.ActiveCfg = Release|Win32
		{87238266-2172-4714-B385-F9303CC8772C}.Release|x86.Build.0 = Release|Win32
		{256CAD77-C044-4497-9C5E-AE2B98171800}.Debug|x64.ActiveCfg = Debug|x64
		{256CAD77-C044-4497-9C5E-AE2B98171800}.Debug|x64.Build.0 = Debug|x64
		{256CAD77-C044-4497-9C5E-AE2B98171800}.Debug|x86.ActiveCfg = Debug|Win32
		{256CAD77-C044-4497-9C5E-AE2B98171800}.Debug|x86.Build.0 = Debug|Win32
		{256CAD77-C044-4497-9C5E-AE2B98171800}.Release|x64.ActiveCfg = Release|x64
		{256CAD77-C044-4497-9C5E-AE2B98171800}.Release|x64.Build.0 = Release|x64
		{256CAD77-C044-4497-9C5E-AE2B98171800}.Release|x86.ActiveCfg = Release|Win32
		{256CAD77-C044-4497-9C5E-AE2B98171800}.Release|x86.Build.0 = Release|Win32
		{F2499EB0-1FAD-4C76-BBD4-B4B1E5AF8DE4}.Debug|x64.ActiveCfg = Debug|x64
		{F2499EB0-1FAD-4C76-BBD4-B4B1E5AF8DE4}.Debug|x64.Build.0 = Debug|x64
		{F2499EB0-1FAD-4C76-BBD4-B4B1E5AF8DE4}.Debug|x86.ActiveCfg = Debug|Win32
		{F2499EB0-1FAD-4C76-BBD4-B4B1E5AF8DE4}.Debug|x86.Build.0 = Debug|Win32
		{F2499EB0-1FAD-4C76-BBD4-B4B1E5AF8DE4}.Release|x64.ActiveCfg = Release|x64
		{F2499EB0-1FAD-4C76-BBD4-B4B1E5AF8DE4}.Release|x64.Build.0 = Release|x64
		{F2499EB0-1FAD-4C76-BBD4-B4B1E5AF8DE4}.Release|x86.ActiveCfg = Release|Win32
		{F2499EB0-1FAD-4C76-BBD4-B4B1E5AF8DE4}.Release|x86.Build.0 = Release|Win32
		{0C986EA8-541A-4C45-8955-D0336BD9C3E1}.Debug|x64.ActiveCfg = Debug|x64
		{0C986EA8-541A-4C45-8955-D0336BD9C3E1}.Debug|x64.Build.0 = Debug|x64
		{0C986EA8-541A-4C45-8955-D0336BD9C3E1}.Debug|x86.ActiveCfg = Debug|Win32
		{0C986EA8-541A-4C45-8955-D0336BD9C3E1}.Debug|x86.Build.0 = Debug|Win32
		{0C986EA8-541A-4C45-8955-D0336BD9C3E1}.Release|x64.ActiveCfg = Release|x64
		{0C986EA8-541A-4C45-8955-D0336BD9C3E1}.Release|x64.Build.0 = Release|x64
		{0C986EA8-541A-4C45-8955-D0336BD9C3E1}.Release|x86.ActiveCfg = Release|Win32
		{0C986EA8-541A-4C45-8955-D0336BD9C3E1}.Release|x86.Build.0 = Release|Win32
		{4E7A4D8B-A787-4D9D-A654-2BAD51CEB476}.Debug|x64.ActiveCfg = Debug|x64
		{4E7A4D8B-A787-4D9D-A654-2BAD51CEB476}.Debug|x64.Build.0 = Debug|x64
		{4E7A4D8B-A787-4D9D-A654-2BAD51CEB476}.Debug|x86.ActiveCfg = Debug|Win32
		{4E7A4D8B-A787-4D9D-A654-2BAD51CEB476}.Debug|x86.Build.0 = Debug|Win32
		{4E7A4D8B-A787-4D9D-A654-2BAD51CEB476}.Release|x64.ActiveCfg = Release|x64
		{4E7A4D8B-A787-4D9D-A654-2BAD51CEB476}.Release|x64.Build.0 = Release|x64
		{4E7A4D8B-A787-4D9D-A654-2BAD51CEB476}.Release|x86.ActiveCfg = Release|Win32
		{4E7A4D8B-A787-4D9D-A654-2BAD51CEB476}.Release|x86.Build.0 = Release|Win32
		{2EA474FE-75FE-46B3-B8D6-F9E40026BD01}.Debug|x64.ActiveCfg = Debug|x64
		{2EA474FE-75FE-46B3-B8D6-F9E40026BD01}.Debug|x64.Build.0 = Debug|x64
		{2EA474FE-75FE-46B3-B8D6-F9E40026BD01}.Debug|x86.ActiveCfg = Debug|Win32
		{2EA474FE-75FE-46B3-B8D6-F9E40026BD01}.Debug|x86.Build.0 = Debug|Win32
		{2EA474FE-75FE-46B3-B8D6-F9E40026BD01}.Release|x64.ActiveCfg = Release|x64
		{2EA474FE-75FE-46B3-B8D6-F9E40026BD01}.Release|x64.Build.0 = Release|x64
		{2EA474FE-75FE-46B3-B8D6-F9E40026BD01}.Release|x86.ActiveCfg = Release|Win32
		{2EA474FE-75FE-46B3-B8D6-F9E40026BD01}.Release|x86.Build.0 = Release|Win32
		{B2FF9C73-648F-4CC2-9C2A-9BC679CD40B3}.Debug|x64.ActiveCfg = Debug|x64
		{B2FF9C73-648F-4CC2-9C2A-9BC679CD40B3}.Debug|x64.Build.0 = Debug|x64
		{B2FF9C73-648F-4CC2-9C2A-9BC679CD40B3}.Debug|x86.ActiveCfg = Debug|Win32
		{B2FF9C73-648F-4CC2-9C2A-9BC679CD40B3}.Debug|x86.Build.0 = Debug|Win32
		{B2FF9C73-648F-4CC2-9C2A-9BC679CD40B3}.Release|x64.ActiveCfg = Release|x64
		{B2FF9C73-648F-4CC2-9C2A-9BC679CD40B3}.Release|x64.Build.0 = Release|x64
		{B2FF9C73-648F-4CC2-9C2A-9BC679CD40B3}.Release|x86.ActiveCfg = Release|Win32
		{B2FF9C73-648F-4CC2-9C2A-9BC679CD40B3}.Release|x86.Build.0 = Release|Win32
		{1FBF7377-9D33-4AB3-B41D-9F0354C33503}.Debug|x64.ActiveCfg = Debug|x64
		{1FBF7377-9D33-4AB3-B41D-9F0354C33503}.Debug|x64.Build.0 = Debug|x64
		{1FBF7377-9D33-4AB3-B41D-9F0354C33503}.Debug|x86.ActiveCfg = Debug|Win32
		{1FBF7377-9D33-4AB3-B41D-9F0354C33503}.Debug|x86.Build.0 = Debug|Win32
		{1FBF7377-9D33-4AB3-B41D-9F0354C33503}.Release|x64.ActiveCfg = Release|x64
		{1FBF7377-9D33-4AB3-B41D-9F0354C33503}.Release|x64.Build.0 = Release|x64
		{1FBF7377-9D33-4AB3-B41D-9F0354C33503}.Release|x86.ActiveCfg = Release|Win32
		{1FBF7377-9D33-4AB3-B41D-9F0354C33503}.Release|x86.Build.0 = Release|Win32
		{F6E9F787-0989-4976-8B91-625D3EEC1DCA}.Debug|x64.ActiveCfg = Debug|x64
		{F6E9F787-0989-4976-8B91-625D3EEC1DCA}.Debug|x64.Build.0 = Debug|x64
		{F6E9F787-0989-4976-8B91-625D3EEC1DCA}.Debug|x86.ActiveCfg = Debug|Win32
		{F6E9F787-0989-4976-8B91-625D3EEC1DCA}.Debug|x86.Build.0 = Debug|Win32
		{F6E9F787-0989-4976-8B91-625D3EEC1DCA}.Release|x64.ActiveCfg = Release|x64
		{F6E9F787-0989-4976-8B91-625D3EEC1DCA}.Release|x64.Build.0 = Release|x64
		{F6E9F787-0989-4976-8B91-625D3EEC1DCA}.Release|x86.ActiveCfg = Release|Win32
		{F6E9F787-0989-4976-8B91-625D3EEC1DCA}.Release|x86.Build.0 = Release|Win32
		{D6BACA2D-FED0-4A6C-8AFB-6BF439458A25}.Debug|x64.ActiveCfg = Debug|x64
		{D6BACA2D-FED0-4A6C-8AFB-6BF439458A25}.Debug|x64.Build.0 = Debug|x64
		{D6BACA2D-FED0-4A6C-8AFB-6BF439458A25}.Debug|x86.ActiveCfg = Debug|Win32
		{D6BACA2D-FED0-4A6C-8AFB-6BF439458A25}.Debug|x86.Build.0 = Debug|Win32
		{D6BACA2D-FED0-4A6C-8AFB-6BF439458A25}.Release|x64.ActiveCfg = Release|x64
		{D6BACA2D-FED0-4A6C-8AFB-6BF439458A25}.Release|x64.Build.0 = Release|x64
		{D6BACA2D-FED0-4A6C-8AFB-6BF439458A25}.Release|x86.ActiveCfg = Release|Win32
		{D6BACA2D-FED0-4A6C-8AFB-6BF439458A25}.Release|x86.Build.0 = Release|Win32
		{1307A018-07ED-41CF-80BD-3D9C6B523FFB}.Debug|x64.ActiveCfg = Debug|x64
		{1307A018-07ED-41CF-80BD-3D9C6B523FFB}.Debug|x64.Build.0 = Debug|x64
		{1307A018-07ED-41CF-80BD-3D9C6B523FFB}.Debug|x86.ActiveCfg = Debug|Win32
		{1307A018-07ED-41CF-80BD-3D9C6B523FFB}.Debug|x86.Build.0 = Debug|Win32
		{1307A018-07ED-41CF-80BD-3D9C6B523FFB}.Release|x64.ActiveCfg = Release|x64
		{1307A018-07ED-41CF-80BD-3D9C6B523FFB}.Release|x64.Build.0 = Release|x64
		{1307A018-07ED-41CF-80BD-3D9C6B523FFB}.Release|x86.ActiveCfg = Release|Win32
		{1307A018-07ED-41CF-80BD-3D9C6B523FFB}.Release|x86.Build.0 = Release|Win32
	EndGlobalSection
	GlobalSection(SolutionProperties) = preSolution
		HideSolutionNode = FALSE
	EndGlobalSection
	GlobalSection(ExtensibilityGlobals) = postSolution
		SolutionGuid = {D032F9DB-FC68-4466-86C1-96A54D7A6A24}
	EndGlobalSection
EndGlobal
